// !$*UTF8*$!
{
	archiveVersion = 1;
	classes = {
	};
	objectVersion = 55;
	objects = {

/* Begin PBXBuildFile section */
		B0092EEF26FA13DB004C1DDD /* Furality_Online_Expierence_Fan_AppApp.swift in Sources */ = {isa = PBXBuildFile; fileRef = B0092EEE26FA13DB004C1DDD /* Furality_Online_Expierence_Fan_AppApp.swift */; };
		B0092EF326FA13DC004C1DDD /* Assets.xcassets in Resources */ = {isa = PBXBuildFile; fileRef = B0092EF226FA13DC004C1DDD /* Assets.xcassets */; };
		B0092EF626FA13DC004C1DDD /* Preview Assets.xcassets in Resources */ = {isa = PBXBuildFile; fileRef = B0092EF526FA13DC004C1DDD /* Preview Assets.xcassets */; };
		B016D4F02708BC7D00847653 /* DiscordView.swift in Sources */ = {isa = PBXBuildFile; fileRef = B016D4E82708BC7D00847653 /* DiscordView.swift */; };
		B016D4F12708BC7D00847653 /* TelegramView.swift in Sources */ = {isa = PBXBuildFile; fileRef = B016D4E92708BC7D00847653 /* TelegramView.swift */; };
		B016D4F22708BC7D00847653 /* TwitterView.swift in Sources */ = {isa = PBXBuildFile; fileRef = B016D4EA2708BC7D00847653 /* TwitterView.swift */; };
		B016D4F32708BC7D00847653 /* InformaionView.swift in Sources */ = {isa = PBXBuildFile; fileRef = B016D4EB2708BC7D00847653 /* InformaionView.swift */; };
		B016D4F42708BC7D00847653 /* EventListItem.swift in Sources */ = {isa = PBXBuildFile; fileRef = B016D4ED2708BC7D00847653 /* EventListItem.swift */; };
		B016D4F52708BC7D00847653 /* EventListView.swift in Sources */ = {isa = PBXBuildFile; fileRef = B016D4EE2708BC7D00847653 /* EventListView.swift */; };
		B016D4F62708BC7D00847653 /* ContentView.swift in Sources */ = {isa = PBXBuildFile; fileRef = B016D4EF2708BC7D00847653 /* ContentView.swift */; };
		B016D4F82709189A00847653 /* QuestionListView.swift in Sources */ = {isa = PBXBuildFile; fileRef = B016D4F72709189900847653 /* QuestionListView.swift */; };
		B016D4FA2709211600847653 /* FOXView.swift in Sources */ = {isa = PBXBuildFile; fileRef = B016D4F92709211600847653 /* FOXView.swift */; };
/* End PBXBuildFile section */

/* Begin PBXFileReference section */
		B0092EEB26FA13DB004C1DDD /* Furality Online Expierence Fan App.app */ = {isa = PBXFileReference; explicitFileType = wrapper.application; includeInIndex = 0; path = "Furality Online Expierence Fan App.app"; sourceTree = BUILT_PRODUCTS_DIR; };
		B0092EEE26FA13DB004C1DDD /* Furality_Online_Expierence_Fan_AppApp.swift */ = {isa = PBXFileReference; lastKnownFileType = sourcecode.swift; path = Furality_Online_Expierence_Fan_AppApp.swift; sourceTree = "<group>"; };
		B0092EF226FA13DC004C1DDD /* Assets.xcassets */ = {isa = PBXFileReference; lastKnownFileType = folder.assetcatalog; path = Assets.xcassets; sourceTree = "<group>"; };
		B0092EF526FA13DC004C1DDD /* Preview Assets.xcassets */ = {isa = PBXFileReference; lastKnownFileType = folder.assetcatalog; path = "Preview Assets.xcassets"; sourceTree = "<group>"; };
		B016D4E82708BC7D00847653 /* DiscordView.swift */ = {isa = PBXFileReference; fileEncoding = 4; lastKnownFileType = sourcecode.swift; path = DiscordView.swift; sourceTree = "<group>"; };
		B016D4E92708BC7D00847653 /* TelegramView.swift */ = {isa = PBXFileReference; fileEncoding = 4; lastKnownFileType = sourcecode.swift; path = TelegramView.swift; sourceTree = "<group>"; };
		B016D4EA2708BC7D00847653 /* TwitterView.swift */ = {isa = PBXFileReference; fileEncoding = 4; lastKnownFileType = sourcecode.swift; path = TwitterView.swift; sourceTree = "<group>"; };
		B016D4EB2708BC7D00847653 /* InformaionView.swift */ = {isa = PBXFileReference; fileEncoding = 4; lastKnownFileType = sourcecode.swift; path = InformaionView.swift; sourceTree = "<group>"; };
		B016D4ED2708BC7D00847653 /* EventListItem.swift */ = {isa = PBXFileReference; fileEncoding = 4; lastKnownFileType = sourcecode.swift; path = EventListItem.swift; sourceTree = "<group>"; };
		B016D4EE2708BC7D00847653 /* EventListView.swift */ = {isa = PBXFileReference; fileEncoding = 4; lastKnownFileType = sourcecode.swift; path = EventListView.swift; sourceTree = "<group>"; };
		B016D4EF2708BC7D00847653 /* ContentView.swift */ = {isa = PBXFileReference; fileEncoding = 4; lastKnownFileType = sourcecode.swift; path = ContentView.swift; sourceTree = "<group>"; };
		B016D4F72709189900847653 /* QuestionListView.swift */ = {isa = PBXFileReference; lastKnownFileType = sourcecode.swift; path = QuestionListView.swift; sourceTree = "<group>"; };
		B016D4F92709211600847653 /* FOXView.swift */ = {isa = PBXFileReference; lastKnownFileType = sourcecode.swift; path = FOXView.swift; sourceTree = "<group>"; };
/* End PBXFileReference section */

/* Begin PBXFrameworksBuildPhase section */
		B0092EE826FA13DB004C1DDD /* Frameworks */ = {
			isa = PBXFrameworksBuildPhase;
			buildActionMask = 2147483647;
			files = (
			);
			runOnlyForDeploymentPostprocessing = 0;
		};
/* End PBXFrameworksBuildPhase section */

/* Begin PBXGroup section */
		B0092EE226FA13DB004C1DDD = {
			isa = PBXGroup;
			children = (
				B0092EED26FA13DB004C1DDD /* Furality Online Expierence Fan App */,
				B0092EEC26FA13DB004C1DDD /* Products */,
			);
			sourceTree = "<group>";
		};
		B0092EEC26FA13DB004C1DDD /* Products */ = {
			isa = PBXGroup;
			children = (
				B0092EEB26FA13DB004C1DDD /* Furality Online Expierence Fan App.app */,
			);
			name = Products;
			sourceTree = "<group>";
		};
		B0092EED26FA13DB004C1DDD /* Furality Online Expierence Fan App */ = {
			isa = PBXGroup;
			children = (
				B0092EEE26FA13DB004C1DDD /* Furality_Online_Expierence_Fan_AppApp.swift */,
				B016D4EF2708BC7D00847653 /* ContentView.swift */,
				B0092EF226FA13DC004C1DDD /* Assets.xcassets */,
				B016D4E52708BC7D00847653 /* Views */,
				B0092EF426FA13DC004C1DDD /* Preview Content */,
			);
			path = "Furality Online Expierence Fan App";
			sourceTree = "<group>";
		};
		B0092EF426FA13DC004C1DDD /* Preview Content */ = {
			isa = PBXGroup;
			children = (
				B0092EF526FA13DC004C1DDD /* Preview Assets.xcassets */,
			);
			path = "Preview Content";
			sourceTree = "<group>";
		};
		B016D4E52708BC7D00847653 /* Views */ = {
			isa = PBXGroup;
			children = (
				B016D4FB2709212000847653 /* Fox */,
				B016D4E62708BC7D00847653 /* Information */,
				B016D4EC2708BC7D00847653 /* Events */,
			);
			path = Views;
			sourceTree = "<group>";
		};
		B016D4E62708BC7D00847653 /* Information */ = {
			isa = PBXGroup;
			children = (
				B016D4EB2708BC7D00847653 /* InformaionView.swift */,
				B016D4F72709189900847653 /* QuestionListView.swift */,
				B016D4E72708BC7D00847653 /* Socials */,
			);
			path = Information;
			sourceTree = "<group>";
		};
		B016D4E72708BC7D00847653 /* Socials */ = {
			isa = PBXGroup;
			children = (
				B016D4E82708BC7D00847653 /* DiscordView.swift */,
				B016D4E92708BC7D00847653 /* TelegramView.swift */,
				B016D4EA2708BC7D00847653 /* TwitterView.swift */,
			);
			path = Socials;
			sourceTree = "<group>";
		};
		B016D4EC2708BC7D00847653 /* Events */ = {
			isa = PBXGroup;
			children = (
				B016D4ED2708BC7D00847653 /* EventListItem.swift */,
				B016D4EE2708BC7D00847653 /* EventListView.swift */,
			);
			path = Events;
			sourceTree = "<group>";
		};
		B016D4FB2709212000847653 /* Fox */ = {
			isa = PBXGroup;
			children = (
				B016D4F92709211600847653 /* FOXView.swift */,
			);
			path = Fox;
			sourceTree = "<group>";
		};
/* End PBXGroup section */

/* Begin PBXNativeTarget section */
		B0092EEA26FA13DB004C1DDD /* Furality Online Expierence Fan App */ = {
			isa = PBXNativeTarget;
			buildConfigurationList = B0092EF926FA13DC004C1DDD /* Build configuration list for PBXNativeTarget "Furality Online Expierence Fan App" */;
			buildPhases = (
				B0092EE726FA13DB004C1DDD /* Sources */,
				B0092EE826FA13DB004C1DDD /* Frameworks */,
				B0092EE926FA13DB004C1DDD /* Resources */,
			);
			buildRules = (
			);
			dependencies = (
			);
			name = "Furality Online Expierence Fan App";
			productName = "Furality Online Expierence Fan App";
			productReference = B0092EEB26FA13DB004C1DDD /* Furality Online Expierence Fan App.app */;
			productType = "com.apple.product-type.application";
		};
/* End PBXNativeTarget section */

/* Begin PBXProject section */
		B0092EE326FA13DB004C1DDD /* Project object */ = {
			isa = PBXProject;
			attributes = {
				BuildIndependentTargetsInParallel = 1;
				LastSwiftUpdateCheck = 1300;
				LastUpgradeCheck = 1300;
				TargetAttributes = {
					B0092EEA26FA13DB004C1DDD = {
						CreatedOnToolsVersion = 13.0;
					};
				};
			};
			buildConfigurationList = B0092EE626FA13DB004C1DDD /* Build configuration list for PBXProject "Furality Online Expierence Fan App" */;
			compatibilityVersion = "Xcode 13.0";
			developmentRegion = en;
			hasScannedForEncodings = 0;
			knownRegions = (
				en,
				Base,
			);
			mainGroup = B0092EE226FA13DB004C1DDD;
			productRefGroup = B0092EEC26FA13DB004C1DDD /* Products */;
			projectDirPath = "";
			projectRoot = "";
			targets = (
				B0092EEA26FA13DB004C1DDD /* Furality Online Expierence Fan App */,
			);
		};
/* End PBXProject section */

/* Begin PBXResourcesBuildPhase section */
		B0092EE926FA13DB004C1DDD /* Resources */ = {
			isa = PBXResourcesBuildPhase;
			buildActionMask = 2147483647;
			files = (
				B0092EF626FA13DC004C1DDD /* Preview Assets.xcassets in Resources */,
				B0092EF326FA13DC004C1DDD /* Assets.xcassets in Resources */,
			);
			runOnlyForDeploymentPostprocessing = 0;
		};
/* End PBXResourcesBuildPhase section */

/* Begin PBXSourcesBuildPhase section */
		B0092EE726FA13DB004C1DDD /* Sources */ = {
			isa = PBXSourcesBuildPhase;
			buildActionMask = 2147483647;
			files = (
				B016D4FA2709211600847653 /* FOXView.swift in Sources */,
				B016D4F02708BC7D00847653 /* DiscordView.swift in Sources */,
				B016D4F12708BC7D00847653 /* TelegramView.swift in Sources */,
				B016D4F32708BC7D00847653 /* InformaionView.swift in Sources */,
				B0092EEF26FA13DB004C1DDD /* Furality_Online_Expierence_Fan_AppApp.swift in Sources */,
				B016D4F82709189A00847653 /* QuestionListView.swift in Sources */,
				B016D4F62708BC7D00847653 /* ContentView.swift in Sources */,
				B016D4F22708BC7D00847653 /* TwitterView.swift in Sources */,
				B016D4F42708BC7D00847653 /* EventListItem.swift in Sources */,
				B016D4F52708BC7D00847653 /* EventListView.swift in Sources */,
			);
			runOnlyForDeploymentPostprocessing = 0;
		};
/* End PBXSourcesBuildPhase section */

/* Begin XCBuildConfiguration section */
		B0092EF726FA13DC004C1DDD /* Debug */ = {
			isa = XCBuildConfiguration;
			buildSettings = {
				ALWAYS_SEARCH_USER_PATHS = NO;
				CLANG_ANALYZER_NONNULL = YES;
				CLANG_ANALYZER_NUMBER_OBJECT_CONVERSION = YES_AGGRESSIVE;
				CLANG_CXX_LANGUAGE_STANDARD = "gnu++17";
				CLANG_CXX_LIBRARY = "libc++";
				CLANG_ENABLE_MODULES = YES;
				CLANG_ENABLE_OBJC_ARC = YES;
				CLANG_ENABLE_OBJC_WEAK = YES;
				CLANG_WARN_BLOCK_CAPTURE_AUTORELEASING = YES;
				CLANG_WARN_BOOL_CONVERSION = YES;
				CLANG_WARN_COMMA = YES;
				CLANG_WARN_CONSTANT_CONVERSION = YES;
				CLANG_WARN_DEPRECATED_OBJC_IMPLEMENTATIONS = YES;
				CLANG_WARN_DIRECT_OBJC_ISA_USAGE = YES_ERROR;
				CLANG_WARN_DOCUMENTATION_COMMENTS = YES;
				CLANG_WARN_EMPTY_BODY = YES;
				CLANG_WARN_ENUM_CONVERSION = YES;
				CLANG_WARN_INFINITE_RECURSION = YES;
				CLANG_WARN_INT_CONVERSION = YES;
				CLANG_WARN_NON_LITERAL_NULL_CONVERSION = YES;
				CLANG_WARN_OBJC_IMPLICIT_RETAIN_SELF = YES;
				CLANG_WARN_OBJC_LITERAL_CONVERSION = YES;
				CLANG_WARN_OBJC_ROOT_CLASS = YES_ERROR;
				CLANG_WARN_QUOTED_INCLUDE_IN_FRAMEWORK_HEADER = YES;
				CLANG_WARN_RANGE_LOOP_ANALYSIS = YES;
				CLANG_WARN_STRICT_PROTOTYPES = YES;
				CLANG_WARN_SUSPICIOUS_MOVE = YES;
				CLANG_WARN_UNGUARDED_AVAILABILITY = YES_AGGRESSIVE;
				CLANG_WARN_UNREACHABLE_CODE = YES;
				CLANG_WARN__DUPLICATE_METHOD_MATCH = YES;
				COPY_PHASE_STRIP = NO;
				DEBUG_INFORMATION_FORMAT = dwarf;
				ENABLE_STRICT_OBJC_MSGSEND = YES;
				ENABLE_TESTABILITY = YES;
				GCC_C_LANGUAGE_STANDARD = gnu11;
				GCC_DYNAMIC_NO_PIC = NO;
				GCC_NO_COMMON_BLOCKS = YES;
				GCC_OPTIMIZATION_LEVEL = 0;
				GCC_PREPROCESSOR_DEFINITIONS = (
					"DEBUG=1",
					"$(inherited)",
				);
				GCC_WARN_64_TO_32_BIT_CONVERSION = YES;
				GCC_WARN_ABOUT_RETURN_TYPE = YES_ERROR;
				GCC_WARN_UNDECLARED_SELECTOR = YES;
				GCC_WARN_UNINITIALIZED_AUTOS = YES_AGGRESSIVE;
				GCC_WARN_UNUSED_FUNCTION = YES;
				GCC_WARN_UNUSED_VARIABLE = YES;
				IPHONEOS_DEPLOYMENT_TARGET = 15.0;
				MTL_ENABLE_DEBUG_INFO = INCLUDE_SOURCE;
				MTL_FAST_MATH = YES;
				ONLY_ACTIVE_ARCH = YES;
				SDKROOT = iphoneos;
				SWIFT_ACTIVE_COMPILATION_CONDITIONS = DEBUG;
				SWIFT_OPTIMIZATION_LEVEL = "-Onone";
			};
			name = Debug;
		};
		B0092EF826FA13DC004C1DDD /* Release */ = {
			isa = XCBuildConfiguration;
			buildSettings = {
				ALWAYS_SEARCH_USER_PATHS = NO;
				CLANG_ANALYZER_NONNULL = YES;
				CLANG_ANALYZER_NUMBER_OBJECT_CONVERSION = YES_AGGRESSIVE;
				CLANG_CXX_LANGUAGE_STANDARD = "gnu++17";
				CLANG_CXX_LIBRARY = "libc++";
				CLANG_ENABLE_MODULES = YES;
				CLANG_ENABLE_OBJC_ARC = YES;
				CLANG_ENABLE_OBJC_WEAK = YES;
				CLANG_WARN_BLOCK_CAPTURE_AUTORELEASING = YES;
				CLANG_WARN_BOOL_CONVERSION = YES;
				CLANG_WARN_COMMA = YES;
				CLANG_WARN_CONSTANT_CONVERSION = YES;
				CLANG_WARN_DEPRECATED_OBJC_IMPLEMENTATIONS = YES;
				CLANG_WARN_DIRECT_OBJC_ISA_USAGE = YES_ERROR;
				CLANG_WARN_DOCUMENTATION_COMMENTS = YES;
				CLANG_WARN_EMPTY_BODY = YES;
				CLANG_WARN_ENUM_CONVERSION = YES;
				CLANG_WARN_INFINITE_RECURSION = YES;
				CLANG_WARN_INT_CONVERSION = YES;
				CLANG_WARN_NON_LITERAL_NULL_CONVERSION = YES;
				CLANG_WARN_OBJC_IMPLICIT_RETAIN_SELF = YES;
				CLANG_WARN_OBJC_LITERAL_CONVERSION = YES;
				CLANG_WARN_OBJC_ROOT_CLASS = YES_ERROR;
				CLANG_WARN_QUOTED_INCLUDE_IN_FRAMEWORK_HEADER = YES;
				CLANG_WARN_RANGE_LOOP_ANALYSIS = YES;
				CLANG_WARN_STRICT_PROTOTYPES = YES;
				CLANG_WARN_SUSPICIOUS_MOVE = YES;
				CLANG_WARN_UNGUARDED_AVAILABILITY = YES_AGGRESSIVE;
				CLANG_WARN_UNREACHABLE_CODE = YES;
				CLANG_WARN__DUPLICATE_METHOD_MATCH = YES;
				COPY_PHASE_STRIP = NO;
				DEBUG_INFORMATION_FORMAT = "dwarf-with-dsym";
				ENABLE_NS_ASSERTIONS = NO;
				ENABLE_STRICT_OBJC_MSGSEND = YES;
				GCC_C_LANGUAGE_STANDARD = gnu11;
				GCC_NO_COMMON_BLOCKS = YES;
				GCC_WARN_64_TO_32_BIT_CONVERSION = YES;
				GCC_WARN_ABOUT_RETURN_TYPE = YES_ERROR;
				GCC_WARN_UNDECLARED_SELECTOR = YES;
				GCC_WARN_UNINITIALIZED_AUTOS = YES_AGGRESSIVE;
				GCC_WARN_UNUSED_FUNCTION = YES;
				GCC_WARN_UNUSED_VARIABLE = YES;
				IPHONEOS_DEPLOYMENT_TARGET = 15.0;
				MTL_ENABLE_DEBUG_INFO = NO;
				MTL_FAST_MATH = YES;
				SDKROOT = iphoneos;
				SWIFT_COMPILATION_MODE = wholemodule;
				SWIFT_OPTIMIZATION_LEVEL = "-O";
				VALIDATE_PRODUCT = YES;
			};
			name = Release;
		};
		B0092EFA26FA13DC004C1DDD /* Debug */ = {
			isa = XCBuildConfiguration;
			buildSettings = {
				ASSETCATALOG_COMPILER_APPICON_NAME = AppIcon;
				ASSETCATALOG_COMPILER_GLOBAL_ACCENT_COLOR_NAME = AccentColor;
				CODE_SIGN_STYLE = Automatic;
				CURRENT_PROJECT_VERSION = 1;
				DEVELOPMENT_ASSET_PATHS = "\"Furality Online Expierence Fan App/Preview Content\"";
				DEVELOPMENT_TEAM = YH4R823N4D;
				ENABLE_PREVIEWS = YES;
				GENERATE_INFOPLIST_FILE = YES;
				INFOPLIST_KEY_UIApplicationSceneManifest_Generation = YES;
				INFOPLIST_KEY_UIApplicationSupportsIndirectInputEvents = YES;
				INFOPLIST_KEY_UILaunchScreen_Generation = YES;
				INFOPLIST_KEY_UISupportedInterfaceOrientations_iPad = "UIInterfaceOrientationPortrait UIInterfaceOrientationPortraitUpsideDown UIInterfaceOrientationLandscapeLeft UIInterfaceOrientationLandscapeRight";
				INFOPLIST_KEY_UISupportedInterfaceOrientations_iPhone = "UIInterfaceOrientationPortrait UIInterfaceOrientationLandscapeLeft UIInterfaceOrientationLandscapeRight";
				IPHONEOS_DEPLOYMENT_TARGET = 14.0;
				LD_RUNPATH_SEARCH_PATHS = (
					"$(inherited)",
					"@executable_path/Frameworks",
				);
				MARKETING_VERSION = 1.0;
				PRODUCT_BUNDLE_IDENTIFIER = "mintcollie.com.Furality-Online-Expierence-Fan-App";
				PRODUCT_NAME = "$(TARGET_NAME)";
				SWIFT_EMIT_LOC_STRINGS = YES;
				SWIFT_VERSION = 5.0;
				TARGETED_DEVICE_FAMILY = "1,2";
			};
			name = Debug;
		};
		B0092EFB26FA13DC004C1DDD /* Release */ = {
			isa = XCBuildConfiguration;
			buildSettings = {
				ASSETCATALOG_COMPILER_APPICON_NAME = AppIcon;
				ASSETCATALOG_COMPILER_GLOBAL_ACCENT_COLOR_NAME = AccentColor;
				CODE_SIGN_STYLE = Automatic;
				CURRENT_PROJECT_VERSION = 1;
				DEVELOPMENT_ASSET_PATHS = "\"Furality Online Expierence Fan App/Preview Content\"";
				DEVELOPMENT_TEAM = YH4R823N4D;
				ENABLE_PREVIEWS = YES;
				GENERATE_INFOPLIST_FILE = YES;
				INFOPLIST_KEY_UIApplicationSceneManifest_Generation = YES;
				INFOPLIST_KEY_UIApplicationSupportsIndirectInputEvents = YES;
				INFOPLIST_KEY_UILaunchScreen_Generation = YES;
				INFOPLIST_KEY_UISupportedInterfaceOrientations_iPad = "UIInterfaceOrientationPortrait UIInterfaceOrientationPortraitUpsideDown UIInterfaceOrientationLandscapeLeft UIInterfaceOrientationLandscapeRight";
				INFOPLIST_KEY_UISupportedInterfaceOrientations_iPhone = "UIInterfaceOrientationPortrait UIInterfaceOrientationLandscapeLeft UIInterfaceOrientationLandscapeRight";
				IPHONEOS_DEPLOYMENT_TARGET = 14.0;
				LD_RUNPATH_SEARCH_PATHS = (
					"$(inherited)",
					"@executable_path/Frameworks",
				);
				MARKETING_VERSION = 1.0;
				PRODUCT_BUNDLE_IDENTIFIER = "mintcollie.com.Furality-Online-Expierence-Fan-App";
				PRODUCT_NAME = "$(TARGET_NAME)";
				SWIFT_EMIT_LOC_STRINGS = YES;
				SWIFT_VERSION = 5.0;
				TARGETED_DEVICE_FAMILY = "1,2";
			};
			name = Release;
		};
/* End XCBuildConfiguration section */

/* Begin XCConfigurationList section */
		B0092EE626FA13DB004C1DDD /* Build configuration list for PBXProject "Furality Online Expierence Fan App" */ = {
			isa = XCConfigurationList;
			buildConfigurations = (
				B0092EF726FA13DC004C1DDD /* Debug */,
				B0092EF826FA13DC004C1DDD /* Release */,
			);
			defaultConfigurationIsVisible = 0;
			defaultConfigurationName = Release;
		};
		B0092EF926FA13DC004C1DDD /* Build configuration list for PBXNativeTarget "Furality Online Expierence Fan App" */ = {
			isa = XCConfigurationList;
			buildConfigurations = (
				B0092EFA26FA13DC004C1DDD /* Debug */,
				B0092EFB26FA13DC004C1DDD /* Release */,
			);
			defaultConfigurationIsVisible = 0;
			defaultConfigurationName = Release;
		};
/* End XCConfigurationList section */
	};
	rootObject = B0092EE326FA13DB004C1DDD /* Project object */;
}
